
Microsoft Visual Studio Solution File, Format Version 12.00
# Visual Studio Version 17
VisualStudioVersion = 17.5.33414.496
MinimumVisualStudioVersion = 10.0.40219.1
Project("{FAE04EC0-301F-11D3-BF4B-00C04F79EFBC}") = "WebApiMongoDB", "WebApiMongoDB.csproj", "{BC780C58-6ACE-46C7-837F-05D42486E251}"
EndProject
Global
	GlobalSection(SolutionConfigurationPlatforms) = preSolution
		Debug|Any CPU = Debug|Any CPU
		Release|Any CPU = Release|Any CPU
	EndGlobalSection
	GlobalSection(ProjectConfigurationPlatforms) = postSolution
		{BC780C58-6ACE-46C7-837F-05D42486E251}.Debug|Any CPU.ActiveCfg = Debug|Any CPU
		{BC780C58-6ACE-46C7-837F-05D42486E251}.Debug|Any CPU.Build.0 = Debug|Any CPU
		{BC780C58-6ACE-46C7-837F-05D42486E251}.Release|Any CPU.ActiveCfg = Release|Any CPU
		{BC780C58-6ACE-46C7-837F-05D42486E251}.Release|Any CPU.Build.0 = Release|Any CPU
	EndGlobalSection
	GlobalSection(SolutionProperties) = preSolution
		HideSolutionNode = FALSE
	EndGlobalSection
	GlobalSection(ExtensibilityGlobals) = postSolution
		SolutionGuid = {56672172-329D-41BA-AC7D-FB80DC7BB26A}
	EndGlobalSection
EndGlobal
